// !$*UTF8*$!
{
	archiveVersion = 1;
	classes = {
	};
	objectVersion = 52;
	objects = {

/* Begin PBXBuildFile section */
		AE228C5426EFAE27004904B3 /* RoundedCorners.swift in Sources */ = {isa = PBXBuildFile; fileRef = AE228C5326EFAE27004904B3 /* RoundedCorners.swift */; };
		AE228C5526EFAE27004904B3 /* RoundedCorners.swift in Sources */ = {isa = PBXBuildFile; fileRef = AE228C5326EFAE27004904B3 /* RoundedCorners.swift */; };
		AED30C2E26E8BAE500F36587 /* TopNewsApp.swift in Sources */ = {isa = PBXBuildFile; fileRef = AED30C0526E8BAE300F36587 /* TopNewsApp.swift */; };
		AED30C2F26E8BAE500F36587 /* TopNewsApp.swift in Sources */ = {isa = PBXBuildFile; fileRef = AED30C0526E8BAE300F36587 /* TopNewsApp.swift */; };
		AED30C3026E8BAE500F36587 /* NewsListView.swift in Sources */ = {isa = PBXBuildFile; fileRef = AED30C0626E8BAE300F36587 /* NewsListView.swift */; };
		AED30C3126E8BAE500F36587 /* NewsListView.swift in Sources */ = {isa = PBXBuildFile; fileRef = AED30C0626E8BAE300F36587 /* NewsListView.swift */; };
		AED30C3226E8BAE500F36587 /* Assets.xcassets in Resources */ = {isa = PBXBuildFile; fileRef = AED30C0726E8BAE500F36587 /* Assets.xcassets */; };
		AED30C3326E8BAE500F36587 /* Assets.xcassets in Resources */ = {isa = PBXBuildFile; fileRef = AED30C0726E8BAE500F36587 /* Assets.xcassets */; };
		AED30C4626E8D80700F36587 /* NewsListViewModel.swift in Sources */ = {isa = PBXBuildFile; fileRef = AED30C4526E8D80700F36587 /* NewsListViewModel.swift */; };
		AED30C4B26E8D9D900F36587 /* ApiNews.swift in Sources */ = {isa = PBXBuildFile; fileRef = AED30C4A26E8D9D900F36587 /* ApiNews.swift */; };
		AED30C4D26E8D9F700F36587 /* News.swift in Sources */ = {isa = PBXBuildFile; fileRef = AED30C4C26E8D9F700F36587 /* News.swift */; };
		AED30C5326E8DAA000F36587 /* APIManager.swift in Sources */ = {isa = PBXBuildFile; fileRef = AED30C4F26E8DAA000F36587 /* APIManager.swift */; };
		AED30C5426E8DAA000F36587 /* Router.swift in Sources */ = {isa = PBXBuildFile; fileRef = AED30C5026E8DAA000F36587 /* Router.swift */; };
		AED30C5526E8DAA000F36587 /* BaseRouter.swift in Sources */ = {isa = PBXBuildFile; fileRef = AED30C5126E8DAA000F36587 /* BaseRouter.swift */; };
		AED30C5626E8DAA000F36587 /* ErrorResponse.swift in Sources */ = {isa = PBXBuildFile; fileRef = AED30C5226E8DAA000F36587 /* ErrorResponse.swift */; };
		AED30C5826E8E3C400F36587 /* NewsRouter.swift in Sources */ = {isa = PBXBuildFile; fileRef = AED30C5726E8E3C400F36587 /* NewsRouter.swift */; };
		AED30C5A26E8EB1B00F36587 /* NewsListViewModel.swift in Sources */ = {isa = PBXBuildFile; fileRef = AED30C4526E8D80700F36587 /* NewsListViewModel.swift */; };
		AED30C5B26E8EC5B00F36587 /* BaseRouter.swift in Sources */ = {isa = PBXBuildFile; fileRef = AED30C5126E8DAA000F36587 /* BaseRouter.swift */; };
		AED30C5C26E8EC5B00F36587 /* ErrorResponse.swift in Sources */ = {isa = PBXBuildFile; fileRef = AED30C5226E8DAA000F36587 /* ErrorResponse.swift */; };
		AED30C5D26E8EC5B00F36587 /* APIManager.swift in Sources */ = {isa = PBXBuildFile; fileRef = AED30C4F26E8DAA000F36587 /* APIManager.swift */; };
		AED30C5E26E8EC5B00F36587 /* Router.swift in Sources */ = {isa = PBXBuildFile; fileRef = AED30C5026E8DAA000F36587 /* Router.swift */; };
		AED30C5F26E8EC6200F36587 /* News.swift in Sources */ = {isa = PBXBuildFile; fileRef = AED30C4C26E8D9F700F36587 /* News.swift */; };
		AED30C6026E8EC6400F36587 /* ApiNews.swift in Sources */ = {isa = PBXBuildFile; fileRef = AED30C4A26E8D9D900F36587 /* ApiNews.swift */; };
		AED30C6126E8EC6500F36587 /* NewsRouter.swift in Sources */ = {isa = PBXBuildFile; fileRef = AED30C5726E8E3C400F36587 /* NewsRouter.swift */; };
		AED30C6926E8FE3700F36587 /* NewsView.swift in Sources */ = {isa = PBXBuildFile; fileRef = AED30C6826E8FE3700F36587 /* NewsView.swift */; };
		AED30C6A26E8FE3700F36587 /* NewsView.swift in Sources */ = {isa = PBXBuildFile; fileRef = AED30C6826E8FE3700F36587 /* NewsView.swift */; };
		AED30C6E26E905BC00F36587 /* Alamofire in Frameworks */ = {isa = PBXBuildFile; productRef = AED30C6D26E905BC00F36587 /* Alamofire */; };
		AEE9F3E026EAA47E002AC1CC /* DateExtension.swift in Sources */ = {isa = PBXBuildFile; fileRef = AEE9F3DF26EAA47E002AC1CC /* DateExtension.swift */; };
		AEE9F3E126EAA47E002AC1CC /* DateExtension.swift in Sources */ = {isa = PBXBuildFile; fileRef = AEE9F3DF26EAA47E002AC1CC /* DateExtension.swift */; };
		AEE9F3E726EAB2D6002AC1CC /* SDWebImageSwiftUI in Frameworks */ = {isa = PBXBuildFile; productRef = AEE9F3E626EAB2D6002AC1CC /* SDWebImageSwiftUI */; };
		AEE9F3E926EAB7C8002AC1CC /* Constants.swift in Sources */ = {isa = PBXBuildFile; fileRef = AEE9F3E826EAB7C8002AC1CC /* Constants.swift */; };
		AEE9F3EA26EAB7C8002AC1CC /* Constants.swift in Sources */ = {isa = PBXBuildFile; fileRef = AEE9F3E826EAB7C8002AC1CC /* Constants.swift */; };
		AEE9F3ED26EBBE67002AC1CC /* Font.swift in Sources */ = {isa = PBXBuildFile; fileRef = AEE9F3EC26EBBE67002AC1CC /* Font.swift */; };
		AEE9F3EE26EBBE67002AC1CC /* Font.swift in Sources */ = {isa = PBXBuildFile; fileRef = AEE9F3EC26EBBE67002AC1CC /* Font.swift */; };
		AEE9F3F426EBC092002AC1CC /* Jost-Regular.ttf in Resources */ = {isa = PBXBuildFile; fileRef = AEE9F3F126EBC092002AC1CC /* Jost-Regular.ttf */; };
		AEE9F3F526EBC092002AC1CC /* Jost-Regular.ttf in Resources */ = {isa = PBXBuildFile; fileRef = AEE9F3F126EBC092002AC1CC /* Jost-Regular.ttf */; };
		AEE9F3F626EBC092002AC1CC /* Jost-Medium.ttf in Resources */ = {isa = PBXBuildFile; fileRef = AEE9F3F226EBC092002AC1CC /* Jost-Medium.ttf */; };
		AEE9F3F726EBC092002AC1CC /* Jost-Medium.ttf in Resources */ = {isa = PBXBuildFile; fileRef = AEE9F3F226EBC092002AC1CC /* Jost-Medium.ttf */; };
		AEE9F3F826EBC092002AC1CC /* Jost-Bold.ttf in Resources */ = {isa = PBXBuildFile; fileRef = AEE9F3F326EBC092002AC1CC /* Jost-Bold.ttf */; };
		AEE9F3F926EBC092002AC1CC /* Jost-Bold.ttf in Resources */ = {isa = PBXBuildFile; fileRef = AEE9F3F326EBC092002AC1CC /* Jost-Bold.ttf */; };
		AEE9F3FB26EBCA20002AC1CC /* NewsDetails.swift in Sources */ = {isa = PBXBuildFile; fileRef = AEE9F3FA26EBCA20002AC1CC /* NewsDetails.swift */; };
		AEE9F3FC26EBCA20002AC1CC /* NewsDetails.swift in Sources */ = {isa = PBXBuildFile; fileRef = AEE9F3FA26EBCA20002AC1CC /* NewsDetails.swift */; };
		AEE9F3FE26EF41B1002AC1CC /* LayoutConstants.swift in Sources */ = {isa = PBXBuildFile; fileRef = AEE9F3FD26EF41B1002AC1CC /* LayoutConstants.swift */; };
		AEE9F3FF26EF41B1002AC1CC /* LayoutConstants.swift in Sources */ = {isa = PBXBuildFile; fileRef = AEE9F3FD26EF41B1002AC1CC /* LayoutConstants.swift */; };
		AEE9F40126EF47BC002AC1CC /* ArticleViewModel.swift in Sources */ = {isa = PBXBuildFile; fileRef = AEE9F40026EF47BC002AC1CC /* ArticleViewModel.swift */; };
		AEE9F40226EF47BC002AC1CC /* ArticleViewModel.swift in Sources */ = {isa = PBXBuildFile; fileRef = AEE9F40026EF47BC002AC1CC /* ArticleViewModel.swift */; };
/* End PBXBuildFile section */

/* Begin PBXFileReference section */
		AE228C5326EFAE27004904B3 /* RoundedCorners.swift */ = {isa = PBXFileReference; lastKnownFileType = sourcecode.swift; path = RoundedCorners.swift; sourceTree = "<group>"; };
		AED30C0526E8BAE300F36587 /* TopNewsApp.swift */ = {isa = PBXFileReference; lastKnownFileType = sourcecode.swift; path = TopNewsApp.swift; sourceTree = "<group>"; };
		AED30C0626E8BAE300F36587 /* NewsListView.swift */ = {isa = PBXFileReference; lastKnownFileType = sourcecode.swift; path = NewsListView.swift; sourceTree = "<group>"; };
		AED30C0726E8BAE500F36587 /* Assets.xcassets */ = {isa = PBXFileReference; lastKnownFileType = folder.assetcatalog; path = Assets.xcassets; sourceTree = "<group>"; };
		AED30C0C26E8BAE500F36587 /* iNews.app */ = {isa = PBXFileReference; explicitFileType = wrapper.application; includeInIndex = 0; path = iNews.app; sourceTree = BUILT_PRODUCTS_DIR; };
		AED30C0F26E8BAE500F36587 /* Info.plist */ = {isa = PBXFileReference; lastKnownFileType = text.plist.xml; path = Info.plist; sourceTree = "<group>"; };
		AED30C1426E8BAE500F36587 /* iNews.app */ = {isa = PBXFileReference; explicitFileType = wrapper.application; includeInIndex = 0; path = iNews.app; sourceTree = BUILT_PRODUCTS_DIR; };
		AED30C1626E8BAE500F36587 /* Info.plist */ = {isa = PBXFileReference; lastKnownFileType = text.plist.xml; path = Info.plist; sourceTree = "<group>"; };
		AED30C1726E8BAE500F36587 /* macOS.entitlements */ = {isa = PBXFileReference; lastKnownFileType = text.plist.entitlements; path = macOS.entitlements; sourceTree = "<group>"; };
		AED30C4526E8D80700F36587 /* NewsListViewModel.swift */ = {isa = PBXFileReference; lastKnownFileType = sourcecode.swift; path = NewsListViewModel.swift; sourceTree = "<group>"; };
		AED30C4A26E8D9D900F36587 /* ApiNews.swift */ = {isa = PBXFileReference; lastKnownFileType = sourcecode.swift; path = ApiNews.swift; sourceTree = "<group>"; };
		AED30C4C26E8D9F700F36587 /* News.swift */ = {isa = PBXFileReference; lastKnownFileType = sourcecode.swift; path = News.swift; sourceTree = "<group>"; };
		AED30C4F26E8DAA000F36587 /* APIManager.swift */ = {isa = PBXFileReference; fileEncoding = 4; lastKnownFileType = sourcecode.swift; path = APIManager.swift; sourceTree = "<group>"; };
		AED30C5026E8DAA000F36587 /* Router.swift */ = {isa = PBXFileReference; fileEncoding = 4; lastKnownFileType = sourcecode.swift; path = Router.swift; sourceTree = "<group>"; };
		AED30C5126E8DAA000F36587 /* BaseRouter.swift */ = {isa = PBXFileReference; fileEncoding = 4; lastKnownFileType = sourcecode.swift; path = BaseRouter.swift; sourceTree = "<group>"; };
		AED30C5226E8DAA000F36587 /* ErrorResponse.swift */ = {isa = PBXFileReference; fileEncoding = 4; lastKnownFileType = sourcecode.swift; path = ErrorResponse.swift; sourceTree = "<group>"; };
		AED30C5726E8E3C400F36587 /* NewsRouter.swift */ = {isa = PBXFileReference; lastKnownFileType = sourcecode.swift; path = NewsRouter.swift; sourceTree = "<group>"; };
		AED30C6826E8FE3700F36587 /* NewsView.swift */ = {isa = PBXFileReference; lastKnownFileType = sourcecode.swift; path = NewsView.swift; sourceTree = "<group>"; };
		AEE9F3DF26EAA47E002AC1CC /* DateExtension.swift */ = {isa = PBXFileReference; lastKnownFileType = sourcecode.swift; path = DateExtension.swift; sourceTree = "<group>"; };
		AEE9F3E826EAB7C8002AC1CC /* Constants.swift */ = {isa = PBXFileReference; lastKnownFileType = sourcecode.swift; path = Constants.swift; sourceTree = "<group>"; };
		AEE9F3EC26EBBE67002AC1CC /* Font.swift */ = {isa = PBXFileReference; lastKnownFileType = sourcecode.swift; path = Font.swift; sourceTree = "<group>"; };
		AEE9F3F126EBC092002AC1CC /* Jost-Regular.ttf */ = {isa = PBXFileReference; lastKnownFileType = file; path = "Jost-Regular.ttf"; sourceTree = "<group>"; };
		AEE9F3F226EBC092002AC1CC /* Jost-Medium.ttf */ = {isa = PBXFileReference; lastKnownFileType = file; path = "Jost-Medium.ttf"; sourceTree = "<group>"; };
		AEE9F3F326EBC092002AC1CC /* Jost-Bold.ttf */ = {isa = PBXFileReference; lastKnownFileType = file; path = "Jost-Bold.ttf"; sourceTree = "<group>"; };
		AEE9F3FA26EBCA20002AC1CC /* NewsDetails.swift */ = {isa = PBXFileReference; lastKnownFileType = sourcecode.swift; path = NewsDetails.swift; sourceTree = "<group>"; };
		AEE9F3FD26EF41B1002AC1CC /* LayoutConstants.swift */ = {isa = PBXFileReference; lastKnownFileType = sourcecode.swift; path = LayoutConstants.swift; sourceTree = "<group>"; };
		AEE9F40026EF47BC002AC1CC /* ArticleViewModel.swift */ = {isa = PBXFileReference; lastKnownFileType = sourcecode.swift; path = ArticleViewModel.swift; sourceTree = "<group>"; };
/* End PBXFileReference section */

/* Begin PBXFrameworksBuildPhase section */
		AED30C0926E8BAE500F36587 /* Frameworks */ = {
			isa = PBXFrameworksBuildPhase;
			buildActionMask = 2147483647;
			files = (
				AEE9F3E726EAB2D6002AC1CC /* SDWebImageSwiftUI in Frameworks */,
				AED30C6E26E905BC00F36587 /* Alamofire in Frameworks */,
			);
			runOnlyForDeploymentPostprocessing = 0;
		};
		AED30C1126E8BAE500F36587 /* Frameworks */ = {
			isa = PBXFrameworksBuildPhase;
			buildActionMask = 2147483647;
			files = (
			);
			runOnlyForDeploymentPostprocessing = 0;
		};
/* End PBXFrameworksBuildPhase section */

/* Begin PBXGroup section */
		AED30BFF26E8BAE200F36587 = {
			isa = PBXGroup;
			children = (
				AED30C0426E8BAE300F36587 /* Shared */,
				AED30C0E26E8BAE500F36587 /* iOS */,
				AED30C1526E8BAE500F36587 /* macOS */,
				AED30C0D26E8BAE500F36587 /* Products */,
			);
			sourceTree = "<group>";
		};
		AED30C0426E8BAE300F36587 /* Shared */ = {
			isa = PBXGroup;
			children = (
				AEE9F3EF26EBC061002AC1CC /* Resources */,
				AED30C6F26E97D5400F36587 /* Utilities */,
				AED30C4E26E8DAA000F36587 /* WebServices */,
				AEE9F3EB26EB757A002AC1CC /* Features */,
				AED30C0726E8BAE500F36587 /* Assets.xcassets */,
			);
			path = Shared;
			sourceTree = "<group>";
		};
		AED30C0D26E8BAE500F36587 /* Products */ = {
			isa = PBXGroup;
			children = (
				AED30C0C26E8BAE500F36587 /* iNews.app */,
				AED30C1426E8BAE500F36587 /* iNews.app */,
			);
			name = Products;
			sourceTree = "<group>";
		};
		AED30C0E26E8BAE500F36587 /* iOS */ = {
			isa = PBXGroup;
			children = (
				AED30C0F26E8BAE500F36587 /* Info.plist */,
			);
			path = iOS;
			sourceTree = "<group>";
		};
		AED30C1526E8BAE500F36587 /* macOS */ = {
			isa = PBXGroup;
			children = (
				AED30C1626E8BAE500F36587 /* Info.plist */,
				AED30C1726E8BAE500F36587 /* macOS.entitlements */,
			);
			path = macOS;
			sourceTree = "<group>";
		};
		AED30C4226E8D7D900F36587 /* News List */ = {
			isa = PBXGroup;
			children = (
				AED30C0626E8BAE300F36587 /* NewsListView.swift */,
				AED30C6826E8FE3700F36587 /* NewsView.swift */,
				AED30C4526E8D80700F36587 /* NewsListViewModel.swift */,
				AEE9F40026EF47BC002AC1CC /* ArticleViewModel.swift */,
				AED30C5926E8E48700F36587 /* Networking */,
			);
			path = "News List";
			sourceTree = "<group>";
		};
		AED30C4426E8D7EF00F36587 /* News Details */ = {
			isa = PBXGroup;
			children = (
				AEE9F3FA26EBCA20002AC1CC /* NewsDetails.swift */,
			);
			path = "News Details";
			sourceTree = "<group>";
		};
		AED30C4E26E8DAA000F36587 /* WebServices */ = {
			isa = PBXGroup;
			children = (
				AED30C4F26E8DAA000F36587 /* APIManager.swift */,
				AED30C5026E8DAA000F36587 /* Router.swift */,
				AED30C5126E8DAA000F36587 /* BaseRouter.swift */,
				AED30C5226E8DAA000F36587 /* ErrorResponse.swift */,
			);
			path = WebServices;
			sourceTree = "<group>";
		};
		AED30C5926E8E48700F36587 /* Networking */ = {
			isa = PBXGroup;
			children = (
				AED30C4C26E8D9F700F36587 /* News.swift */,
				AED30C4A26E8D9D900F36587 /* ApiNews.swift */,
				AED30C5726E8E3C400F36587 /* NewsRouter.swift */,
			);
			path = Networking;
			sourceTree = "<group>";
		};
		AED30C6F26E97D5400F36587 /* Utilities */ = {
			isa = PBXGroup;
			children = (
				AEE9F3DF26EAA47E002AC1CC /* DateExtension.swift */,
				AEE9F3E826EAB7C8002AC1CC /* Constants.swift */,
				AEE9F3EC26EBBE67002AC1CC /* Font.swift */,
				AEE9F3FD26EF41B1002AC1CC /* LayoutConstants.swift */,
				AE228C5326EFAE27004904B3 /* RoundedCorners.swift */,
			);
			path = Utilities;
			sourceTree = "<group>";
		};
		AEE9F3EB26EB757A002AC1CC /* Features */ = {
			isa = PBXGroup;
			children = (
				AED30C4226E8D7D900F36587 /* News List */,
				AED30C4426E8D7EF00F36587 /* News Details */,
				AED30C0526E8BAE300F36587 /* TopNewsApp.swift */,
			);
			path = Features;
			sourceTree = "<group>";
		};
		AEE9F3EF26EBC061002AC1CC /* Resources */ = {
			isa = PBXGroup;
			children = (
				AEE9F3F026EBC06A002AC1CC /* Fonts */,
			);
			path = Resources;
			sourceTree = "<group>";
		};
		AEE9F3F026EBC06A002AC1CC /* Fonts */ = {
			isa = PBXGroup;
			children = (
				AEE9F3F326EBC092002AC1CC /* Jost-Bold.ttf */,
				AEE9F3F226EBC092002AC1CC /* Jost-Medium.ttf */,
				AEE9F3F126EBC092002AC1CC /* Jost-Regular.ttf */,
			);
			path = Fonts;
			sourceTree = "<group>";
		};
/* End PBXGroup section */

/* Begin PBXNativeTarget section */
		AED30C0B26E8BAE500F36587 /* iNews (iOS) */ = {
			isa = PBXNativeTarget;
			buildConfigurationList = AED30C3626E8BAE500F36587 /* Build configuration list for PBXNativeTarget "iNews (iOS)" */;
			buildPhases = (
				AED30C0826E8BAE500F36587 /* Sources */,
				AED30C0926E8BAE500F36587 /* Frameworks */,
				AED30C0A26E8BAE500F36587 /* Resources */,
			);
			buildRules = (
			);
			dependencies = (
			);
			name = "iNews (iOS)";
			packageProductDependencies = (
				AED30C6D26E905BC00F36587 /* Alamofire */,
				AEE9F3E626EAB2D6002AC1CC /* SDWebImageSwiftUI */,
			);
			productName = "TopNews (iOS)";
			productReference = AED30C0C26E8BAE500F36587 /* iNews.app */;
			productType = "com.apple.product-type.application";
		};
		AED30C1326E8BAE500F36587 /* iNews (macOS) */ = {
			isa = PBXNativeTarget;
			buildConfigurationList = AED30C3926E8BAE500F36587 /* Build configuration list for PBXNativeTarget "iNews (macOS)" */;
			buildPhases = (
				AED30C1026E8BAE500F36587 /* Sources */,
				AED30C1126E8BAE500F36587 /* Frameworks */,
				AED30C1226E8BAE500F36587 /* Resources */,
			);
			buildRules = (
			);
			dependencies = (
			);
			name = "iNews (macOS)";
			productName = "TopNews (macOS)";
			productReference = AED30C1426E8BAE500F36587 /* iNews.app */;
			productType = "com.apple.product-type.application";
		};
/* End PBXNativeTarget section */

/* Begin PBXProject section */
		AED30C0026E8BAE200F36587 /* Project object */ = {
			isa = PBXProject;
			attributes = {
				LastSwiftUpdateCheck = 1250;
				LastUpgradeCheck = 1250;
				TargetAttributes = {
					AED30C0B26E8BAE500F36587 = {
						CreatedOnToolsVersion = 12.5.1;
					};
					AED30C1326E8BAE500F36587 = {
						CreatedOnToolsVersion = 12.5.1;
					};
				};
			};
			buildConfigurationList = AED30C0326E8BAE200F36587 /* Build configuration list for PBXProject "iNews" */;
			compatibilityVersion = "Xcode 9.3";
			developmentRegion = en;
			hasScannedForEncodings = 0;
			knownRegions = (
				en,
				Base,
			);
			mainGroup = AED30BFF26E8BAE200F36587;
			packageReferences = (
				AED30C6C26E905BC00F36587 /* XCRemoteSwiftPackageReference "Alamofire" */,
				AEE9F3E526EAB2D6002AC1CC /* XCRemoteSwiftPackageReference "SDWebImageSwiftUI" */,
			);
			productRefGroup = AED30C0D26E8BAE500F36587 /* Products */;
			projectDirPath = "";
			projectRoot = "";
			targets = (
				AED30C0B26E8BAE500F36587 /* iNews (iOS) */,
				AED30C1326E8BAE500F36587 /* iNews (macOS) */,
			);
		};
/* End PBXProject section */

/* Begin PBXResourcesBuildPhase section */
		AED30C0A26E8BAE500F36587 /* Resources */ = {
			isa = PBXResourcesBuildPhase;
			buildActionMask = 2147483647;
			files = (
				AEE9F3F626EBC092002AC1CC /* Jost-Medium.ttf in Resources */,
				AED30C3226E8BAE500F36587 /* Assets.xcassets in Resources */,
				AEE9F3F426EBC092002AC1CC /* Jost-Regular.ttf in Resources */,
				AEE9F3F826EBC092002AC1CC /* Jost-Bold.ttf in Resources */,
			);
			runOnlyForDeploymentPostprocessing = 0;
		};
		AED30C1226E8BAE500F36587 /* Resources */ = {
			isa = PBXResourcesBuildPhase;
			buildActionMask = 2147483647;
			files = (
				AEE9F3F726EBC092002AC1CC /* Jost-Medium.ttf in Resources */,
				AED30C3326E8BAE500F36587 /* Assets.xcassets in Resources */,
				AEE9F3F526EBC092002AC1CC /* Jost-Regular.ttf in Resources */,
				AEE9F3F926EBC092002AC1CC /* Jost-Bold.ttf in Resources */,
			);
			runOnlyForDeploymentPostprocessing = 0;
		};
/* End PBXResourcesBuildPhase section */

/* Begin PBXSourcesBuildPhase section */
		AED30C0826E8BAE500F36587 /* Sources */ = {
			isa = PBXSourcesBuildPhase;
			buildActionMask = 2147483647;
			files = (
				AED30C5326E8DAA000F36587 /* APIManager.swift in Sources */,
				AED30C3026E8BAE500F36587 /* NewsListView.swift in Sources */,
				AEE9F3FB26EBCA20002AC1CC /* NewsDetails.swift in Sources */,
				AEE9F3ED26EBBE67002AC1CC /* Font.swift in Sources */,
				AED30C2E26E8BAE500F36587 /* TopNewsApp.swift in Sources */,
				AED30C5826E8E3C400F36587 /* NewsRouter.swift in Sources */,
				AED30C5426E8DAA000F36587 /* Router.swift in Sources */,
				AEE9F3E026EAA47E002AC1CC /* DateExtension.swift in Sources */,
				AED30C4626E8D80700F36587 /* NewsListViewModel.swift in Sources */,
				AED30C4D26E8D9F700F36587 /* News.swift in Sources */,
				AEE9F40126EF47BC002AC1CC /* ArticleViewModel.swift in Sources */,
				AED30C5626E8DAA000F36587 /* ErrorResponse.swift in Sources */,
				AEE9F3FE26EF41B1002AC1CC /* LayoutConstants.swift in Sources */,
				AED30C6926E8FE3700F36587 /* NewsView.swift in Sources */,
				AEE9F3E926EAB7C8002AC1CC /* Constants.swift in Sources */,
				AED30C4B26E8D9D900F36587 /* ApiNews.swift in Sources */,
				AE228C5426EFAE27004904B3 /* RoundedCorners.swift in Sources */,
				AED30C5526E8DAA000F36587 /* BaseRouter.swift in Sources */,
			);
			runOnlyForDeploymentPostprocessing = 0;
		};
		AED30C1026E8BAE500F36587 /* Sources */ = {
			isa = PBXSourcesBuildPhase;
			buildActionMask = 2147483647;
			files = (
				AED30C5D26E8EC5B00F36587 /* APIManager.swift in Sources */,
				AED30C6A26E8FE3700F36587 /* NewsView.swift in Sources */,
				AEE9F3FC26EBCA20002AC1CC /* NewsDetails.swift in Sources */,
				AEE9F3EE26EBBE67002AC1CC /* Font.swift in Sources */,
				AED30C5C26E8EC5B00F36587 /* ErrorResponse.swift in Sources */,
				AED30C5F26E8EC6200F36587 /* News.swift in Sources */,
				AEE9F3E126EAA47E002AC1CC /* DateExtension.swift in Sources */,
				AED30C6126E8EC6500F36587 /* NewsRouter.swift in Sources */,
				AED30C3126E8BAE500F36587 /* NewsListView.swift in Sources */,
				AED30C5E26E8EC5B00F36587 /* Router.swift in Sources */,
				AEE9F40226EF47BC002AC1CC /* ArticleViewModel.swift in Sources */,
				AED30C2F26E8BAE500F36587 /* TopNewsApp.swift in Sources */,
				AEE9F3FF26EF41B1002AC1CC /* LayoutConstants.swift in Sources */,
				AED30C6026E8EC6400F36587 /* ApiNews.swift in Sources */,
				AEE9F3EA26EAB7C8002AC1CC /* Constants.swift in Sources */,
				AED30C5A26E8EB1B00F36587 /* NewsListViewModel.swift in Sources */,
				AE228C5526EFAE27004904B3 /* RoundedCorners.swift in Sources */,
				AED30C5B26E8EC5B00F36587 /* BaseRouter.swift in Sources */,
			);
			runOnlyForDeploymentPostprocessing = 0;
		};
/* End PBXSourcesBuildPhase section */

/* Begin XCBuildConfiguration section */
		AED30C3426E8BAE500F36587 /* Debug */ = {
			isa = XCBuildConfiguration;
			buildSettings = {
				ALWAYS_SEARCH_USER_PATHS = NO;
				CLANG_ANALYZER_NONNULL = YES;
				CLANG_ANALYZER_NUMBER_OBJECT_CONVERSION = YES_AGGRESSIVE;
				CLANG_CXX_LANGUAGE_STANDARD = "gnu++14";
				CLANG_CXX_LIBRARY = "libc++";
				CLANG_ENABLE_MODULES = YES;
				CLANG_ENABLE_OBJC_ARC = YES;
				CLANG_ENABLE_OBJC_WEAK = YES;
				CLANG_WARN_BLOCK_CAPTURE_AUTORELEASING = YES;
				CLANG_WARN_BOOL_CONVERSION = YES;
				CLANG_WARN_COMMA = YES;
				CLANG_WARN_CONSTANT_CONVERSION = YES;
				CLANG_WARN_DEPRECATED_OBJC_IMPLEMENTATIONS = YES;
				CLANG_WARN_DIRECT_OBJC_ISA_USAGE = YES_ERROR;
				CLANG_WARN_DOCUMENTATION_COMMENTS = YES;
				CLANG_WARN_EMPTY_BODY = YES;
				CLANG_WARN_ENUM_CONVERSION = YES;
				CLANG_WARN_INFINITE_RECURSION = YES;
				CLANG_WARN_INT_CONVERSION = YES;
				CLANG_WARN_NON_LITERAL_NULL_CONVERSION = YES;
				CLANG_WARN_OBJC_IMPLICIT_RETAIN_SELF = YES;
				CLANG_WARN_OBJC_LITERAL_CONVERSION = YES;
				CLANG_WARN_OBJC_ROOT_CLASS = YES_ERROR;
				CLANG_WARN_QUOTED_INCLUDE_IN_FRAMEWORK_HEADER = YES;
				CLANG_WARN_RANGE_LOOP_ANALYSIS = YES;
				CLANG_WARN_STRICT_PROTOTYPES = YES;
				CLANG_WARN_SUSPICIOUS_MOVE = YES;
				CLANG_WARN_UNGUARDED_AVAILABILITY = YES_AGGRESSIVE;
				CLANG_WARN_UNREACHABLE_CODE = YES;
				CLANG_WARN__DUPLICATE_METHOD_MATCH = YES;
				COPY_PHASE_STRIP = NO;
				DEBUG_INFORMATION_FORMAT = dwarf;
				ENABLE_STRICT_OBJC_MSGSEND = YES;
				ENABLE_TESTABILITY = YES;
				GCC_C_LANGUAGE_STANDARD = gnu11;
				GCC_DYNAMIC_NO_PIC = NO;
				GCC_NO_COMMON_BLOCKS = YES;
				GCC_OPTIMIZATION_LEVEL = 0;
				GCC_PREPROCESSOR_DEFINITIONS = (
					"DEBUG=1",
					"$(inherited)",
				);
				GCC_WARN_64_TO_32_BIT_CONVERSION = YES;
				GCC_WARN_ABOUT_RETURN_TYPE = YES_ERROR;
				GCC_WARN_UNDECLARED_SELECTOR = YES;
				GCC_WARN_UNINITIALIZED_AUTOS = YES_AGGRESSIVE;
				GCC_WARN_UNUSED_FUNCTION = YES;
				GCC_WARN_UNUSED_VARIABLE = YES;
				MTL_ENABLE_DEBUG_INFO = INCLUDE_SOURCE;
				MTL_FAST_MATH = YES;
				ONLY_ACTIVE_ARCH = YES;
				SWIFT_ACTIVE_COMPILATION_CONDITIONS = DEBUG;
				SWIFT_OPTIMIZATION_LEVEL = "-Onone";
			};
			name = Debug;
		};
		AED30C3526E8BAE500F36587 /* Release */ = {
			isa = XCBuildConfiguration;
			buildSettings = {
				ALWAYS_SEARCH_USER_PATHS = NO;
				CLANG_ANALYZER_NONNULL = YES;
				CLANG_ANALYZER_NUMBER_OBJECT_CONVERSION = YES_AGGRESSIVE;
				CLANG_CXX_LANGUAGE_STANDARD = "gnu++14";
				CLANG_CXX_LIBRARY = "libc++";
				CLANG_ENABLE_MODULES = YES;
				CLANG_ENABLE_OBJC_ARC = YES;
				CLANG_ENABLE_OBJC_WEAK = YES;
				CLANG_WARN_BLOCK_CAPTURE_AUTORELEASING = YES;
				CLANG_WARN_BOOL_CONVERSION = YES;
				CLANG_WARN_COMMA = YES;
				CLANG_WARN_CONSTANT_CONVERSION = YES;
				CLANG_WARN_DEPRECATED_OBJC_IMPLEMENTATIONS = YES;
				CLANG_WARN_DIRECT_OBJC_ISA_USAGE = YES_ERROR;
				CLANG_WARN_DOCUMENTATION_COMMENTS = YES;
				CLANG_WARN_EMPTY_BODY = YES;
				CLANG_WARN_ENUM_CONVERSION = YES;
				CLANG_WARN_INFINITE_RECURSION = YES;
				CLANG_WARN_INT_CONVERSION = YES;
				CLANG_WARN_NON_LITERAL_NULL_CONVERSION = YES;
				CLANG_WARN_OBJC_IMPLICIT_RETAIN_SELF = YES;
				CLANG_WARN_OBJC_LITERAL_CONVERSION = YES;
				CLANG_WARN_OBJC_ROOT_CLASS = YES_ERROR;
				CLANG_WARN_QUOTED_INCLUDE_IN_FRAMEWORK_HEADER = YES;
				CLANG_WARN_RANGE_LOOP_ANALYSIS = YES;
				CLANG_WARN_STRICT_PROTOTYPES = YES;
				CLANG_WARN_SUSPICIOUS_MOVE = YES;
				CLANG_WARN_UNGUARDED_AVAILABILITY = YES_AGGRESSIVE;
				CLANG_WARN_UNREACHABLE_CODE = YES;
				CLANG_WARN__DUPLICATE_METHOD_MATCH = YES;
				COPY_PHASE_STRIP = NO;
				DEBUG_INFORMATION_FORMAT = "dwarf-with-dsym";
				ENABLE_NS_ASSERTIONS = NO;
				ENABLE_STRICT_OBJC_MSGSEND = YES;
				GCC_C_LANGUAGE_STANDARD = gnu11;
				GCC_NO_COMMON_BLOCKS = YES;
				GCC_WARN_64_TO_32_BIT_CONVERSION = YES;
				GCC_WARN_ABOUT_RETURN_TYPE = YES_ERROR;
				GCC_WARN_UNDECLARED_SELECTOR = YES;
				GCC_WARN_UNINITIALIZED_AUTOS = YES_AGGRESSIVE;
				GCC_WARN_UNUSED_FUNCTION = YES;
				GCC_WARN_UNUSED_VARIABLE = YES;
				MTL_ENABLE_DEBUG_INFO = NO;
				MTL_FAST_MATH = YES;
				SWIFT_COMPILATION_MODE = wholemodule;
				SWIFT_OPTIMIZATION_LEVEL = "-O";
			};
			name = Release;
		};
		AED30C3726E8BAE500F36587 /* Debug */ = {
			isa = XCBuildConfiguration;
			buildSettings = {
				ASSETCATALOG_COMPILER_APPICON_NAME = AppIcon;
				ASSETCATALOG_COMPILER_GLOBAL_ACCENT_COLOR_NAME = AccentColor;
				CODE_SIGN_STYLE = Automatic;
				ENABLE_PREVIEWS = YES;
				INFOPLIST_FILE = iOS/Info.plist;
				IPHONEOS_DEPLOYMENT_TARGET = 14.0;
				LD_RUNPATH_SEARCH_PATHS = (
					"$(inherited)",
					"@executable_path/Frameworks",
				);
				PRODUCT_BUNDLE_IDENTIFIER = com.codey.TopNews;
				PRODUCT_NAME = iNews;
				SDKROOT = iphoneos;
				SWIFT_VERSION = 5.0;
				TARGETED_DEVICE_FAMILY = "1,2";
			};
			name = Debug;
		};
		AED30C3826E8BAE500F36587 /* Release */ = {
			isa = XCBuildConfiguration;
			buildSettings = {
				ASSETCATALOG_COMPILER_APPICON_NAME = AppIcon;
				ASSETCATALOG_COMPILER_GLOBAL_ACCENT_COLOR_NAME = AccentColor;
				CODE_SIGN_STYLE = Automatic;
				ENABLE_PREVIEWS = YES;
				INFOPLIST_FILE = iOS/Info.plist;
				IPHONEOS_DEPLOYMENT_TARGET = 14.0;
				LD_RUNPATH_SEARCH_PATHS = (
					"$(inherited)",
					"@executable_path/Frameworks",
				);
				PRODUCT_BUNDLE_IDENTIFIER = com.codey.TopNews;
				PRODUCT_NAME = iNews;
				SDKROOT = iphoneos;
				SWIFT_VERSION = 5.0;
				TARGETED_DEVICE_FAMILY = "1,2";
				VALIDATE_PRODUCT = YES;
			};
			name = Release;
		};
		AED30C3A26E8BAE500F36587 /* Debug */ = {
			isa = XCBuildConfiguration;
			buildSettings = {
				ASSETCATALOG_COMPILER_APPICON_NAME = AppIcon;
				ASSETCATALOG_COMPILER_GLOBAL_ACCENT_COLOR_NAME = AccentColor;
				CODE_SIGN_ENTITLEMENTS = macOS/macOS.entitlements;
				CODE_SIGN_STYLE = Automatic;
				COMBINE_HIDPI_IMAGES = YES;
				ENABLE_PREVIEWS = YES;
				INFOPLIST_FILE = macOS/Info.plist;
				LD_RUNPATH_SEARCH_PATHS = (
					"$(inherited)",
					"@executable_path/../Frameworks",
				);
				MACOSX_DEPLOYMENT_TARGET = 11.0;
				PRODUCT_BUNDLE_IDENTIFIER = com.codey.TopNews;
				PRODUCT_NAME = iNews;
				SDKROOT = macosx;
				SWIFT_VERSION = 5.0;
			};
			name = Debug;
		};
		AED30C3B26E8BAE500F36587 /* Release */ = {
			isa = XCBuildConfiguration;
			buildSettings = {
				ASSETCATALOG_COMPILER_APPICON_NAME = AppIcon;
				ASSETCATALOG_COMPILER_GLOBAL_ACCENT_COLOR_NAME = AccentColor;
				CODE_SIGN_ENTITLEMENTS = macOS/macOS.entitlements;
				CODE_SIGN_STYLE = Automatic;
				COMBINE_HIDPI_IMAGES = YES;
				ENABLE_PREVIEWS = YES;
				INFOPLIST_FILE = macOS/Info.plist;
				LD_RUNPATH_SEARCH_PATHS = (
					"$(inherited)",
					"@executable_path/../Frameworks",
				);
				MACOSX_DEPLOYMENT_TARGET = 11.0;
				PRODUCT_BUNDLE_IDENTIFIER = com.codey.TopNews;
				PRODUCT_NAME = iNews;
				SDKROOT = macosx;
				SWIFT_VERSION = 5.0;
			};
			name = Release;
		};
/* End XCBuildConfiguration section */

/* Begin XCConfigurationList section */
		AED30C0326E8BAE200F36587 /* Build configuration list for PBXProject "iNews" */ = {
			isa = XCConfigurationList;
			buildConfigurations = (
				AED30C3426E8BAE500F36587 /* Debug */,
				AED30C3526E8BAE500F36587 /* Release */,
			);
			defaultConfigurationIsVisible = 0;
			defaultConfigurationName = Release;
		};
		AED30C3626E8BAE500F36587 /* Build configuration list for PBXNativeTarget "iNews (iOS)" */ = {
			isa = XCConfigurationList;
			buildConfigurations = (
				AED30C3726E8BAE500F36587 /* Debug */,
				AED30C3826E8BAE500F36587 /* Release */,
			);
			defaultConfigurationIsVisible = 0;
			defaultConfigurationName = Release;
		};
		AED30C3926E8BAE500F36587 /* Build configuration list for PBXNativeTarget "iNews (macOS)" */ = {
			isa = XCConfigurationList;
			buildConfigurations = (
				AED30C3A26E8BAE500F36587 /* Debug */,
				AED30C3B26E8BAE500F36587 /* Release */,
			);
			defaultConfigurationIsVisible = 0;
			defaultConfigurationName = Release;
		};
/* End XCConfigurationList section */

/* Begin XCRemoteSwiftPackageReference section */
		AED30C6C26E905BC00F36587 /* XCRemoteSwiftPackageReference "Alamofire" */ = {
			isa = XCRemoteSwiftPackageReference;
			repositoryURL = "https://github.com/Alamofire/Alamofire.git";
			requirement = {
				kind = upToNextMajorVersion;
				minimumVersion = 5.4.0;
			};
		};
		AEE9F3E526EAB2D6002AC1CC /* XCRemoteSwiftPackageReference "SDWebImageSwiftUI" */ = {
			isa = XCRemoteSwiftPackageReference;
			repositoryURL = "https://github.com/SDWebImage/SDWebImageSwiftUI.git";
			requirement = {
				kind = upToNextMajorVersion;
				minimumVersion = 2.0.2;
			};
		};
/* End XCRemoteSwiftPackageReference section */

/* Begin XCSwiftPackageProductDependency section */
		AED30C6D26E905BC00F36587 /* Alamofire */ = {
			isa = XCSwiftPackageProductDependency;
			package = AED30C6C26E905BC00F36587 /* XCRemoteSwiftPackageReference "Alamofire" */;
			productName = Alamofire;
		};
		AEE9F3E626EAB2D6002AC1CC /* SDWebImageSwiftUI */ = {
			isa = XCSwiftPackageProductDependency;
			package = AEE9F3E526EAB2D6002AC1CC /* XCRemoteSwiftPackageReference "SDWebImageSwiftUI" */;
			productName = SDWebImageSwiftUI;
		};
/* End XCSwiftPackageProductDependency section */
	};
	rootObject = AED30C0026E8BAE200F36587 /* Project object */;
}
